# THIS IS AN AUTOGENERATED FILE. DO NOT EDIT THIS FILE DIRECTLY.
# yarn lockfile v1


"@aws-crypto/ie11-detection@^1.0.0":
  "integrity" "sha512-kCKVhCF1oDxFYgQrxXmIrS5oaWulkvRcPz+QBDMsUr2crbF4VGgGT6+uQhSwJFdUAQ2A//Vq+uT83eJrkzFgXA=="
  "resolved" "https://registry.npmjs.org/@aws-crypto/ie11-detection/-/ie11-detection-1.0.0.tgz"
  "version" "1.0.0"
  dependencies:
    "tslib" "^1.11.1"

"@aws-crypto/sha256-browser@^1.0.0":
  "integrity" "sha512-nS4vdan97It6HcweV58WXtjPbPSc0JXd3sAwlw3Ou5Mc3WllSycAS32Tv2LRn8butNQoU9AE3jEQAOgiMdNC1Q=="
  "resolved" "https://registry.npmjs.org/@aws-crypto/sha256-browser/-/sha256-browser-1.1.1.tgz"
  "version" "1.1.1"
  dependencies:
    "@aws-crypto/ie11-detection" "^1.0.0"
    "@aws-crypto/sha256-js" "^1.1.0"
    "@aws-crypto/supports-web-crypto" "^1.0.0"
    "@aws-sdk/types" "^3.1.0"
    "@aws-sdk/util-locate-window" "^3.0.0"
    "@aws-sdk/util-utf8-browser" "^3.0.0"
    "tslib" "^1.11.1"

"@aws-crypto/sha256-js@^1.0.0", "@aws-crypto/sha256-js@^1.1.0":
  "integrity" "sha512-VIhuqbPgXDVr8sZe2yhgQcDRRmzf4CI8fmC1A3bHiRfE6wlz1d8KpeemqbuoEHotz/Dch9yOxlshyQDNjNFeHA=="
  "resolved" "https://registry.npmjs.org/@aws-crypto/sha256-js/-/sha256-js-1.1.0.tgz"
  "version" "1.1.0"
  dependencies:
    "@aws-sdk/types" "^3.1.0"
    "@aws-sdk/util-utf8-browser" "^3.0.0"
    "tslib" "^1.11.1"

"@aws-crypto/supports-web-crypto@^1.0.0":
  "integrity" "sha512-IHLfv+WmVH89EW4n6a5eE8/hUlz6qkWGMn/v4r5ZgzcXdTC5nolii2z3k46y01hWRiC2PPhOdeSLzMUCUMco7g=="
  "resolved" "https://registry.npmjs.org/@aws-crypto/supports-web-crypto/-/supports-web-crypto-1.0.0.tgz"
  "version" "1.0.0"
  dependencies:
    "tslib" "^1.11.1"

"@aws-sdk/abort-controller@3.29.0":
  "integrity" "sha512-MLeexxMs06WkPKuA/ltOCA3TV+vN1WQjEhojNtylQzz/AJDDq4z/7nmIf4lJKM7h1PDuD4XHLPfbxNuv75mu6A=="
  "resolved" "https://registry.npmjs.org/@aws-sdk/abort-controller/-/abort-controller-3.29.0.tgz"
  "version" "3.29.0"
  dependencies:
    "@aws-sdk/types" "3.29.0"
    "tslib" "^2.3.0"

"@aws-sdk/client-dynamodb@^3.29.0":
  "integrity" "sha512-468uJJxL2CtYGAgnqsEAs5jo0sy64zcXf4nFjcCreY8rSt++EcVoVSGs0Jhvo1XCy8C4ntqSSC9wbNnWGGlPZg=="
  "resolved" "https://registry.npmjs.org/@aws-sdk/client-dynamodb/-/client-dynamodb-3.29.0.tgz"
  "version" "3.29.0"
  dependencies:
    "@aws-crypto/sha256-browser" "^1.0.0"
    "@aws-crypto/sha256-js" "^1.0.0"
    "@aws-sdk/client-sts" "3.29.0"
    "@aws-sdk/config-resolver" "3.29.0"
    "@aws-sdk/credential-provider-node" "3.29.0"
    "@aws-sdk/fetch-http-handler" "3.29.0"
    "@aws-sdk/hash-node" "3.29.0"
    "@aws-sdk/invalid-dependency" "3.29.0"
    "@aws-sdk/middleware-content-length" "3.29.0"
    "@aws-sdk/middleware-endpoint-discovery" "3.29.0"
    "@aws-sdk/middleware-host-header" "3.29.0"
    "@aws-sdk/middleware-logger" "3.29.0"
    "@aws-sdk/middleware-retry" "3.29.0"
    "@aws-sdk/middleware-serde" "3.29.0"
    "@aws-sdk/middleware-signing" "3.29.0"
    "@aws-sdk/middleware-stack" "3.29.0"
    "@aws-sdk/middleware-user-agent" "3.29.0"
    "@aws-sdk/node-config-provider" "3.29.0"
    "@aws-sdk/node-http-handler" "3.29.0"
    "@aws-sdk/protocol-http" "3.29.0"
    "@aws-sdk/smithy-client" "3.29.0"
    "@aws-sdk/types" "3.29.0"
    "@aws-sdk/url-parser" "3.29.0"
    "@aws-sdk/util-base64-browser" "3.29.0"
    "@aws-sdk/util-base64-node" "3.29.0"
    "@aws-sdk/util-body-length-browser" "3.29.0"
    "@aws-sdk/util-body-length-node" "3.29.0"
    "@aws-sdk/util-user-agent-browser" "3.29.0"
    "@aws-sdk/util-user-agent-node" "3.29.0"
    "@aws-sdk/util-utf8-browser" "3.29.0"
    "@aws-sdk/util-utf8-node" "3.29.0"
    "@aws-sdk/util-waiter" "3.29.0"
    "tslib" "^2.3.0"
    "uuid" "^8.3.2"

"@aws-sdk/client-sso@3.29.0":
  "integrity" "sha512-hYWVn+yvYG0txIO0k9yh22FE+9ye5EBW3CbfS9IWLsziGyQPWOCBwdTKrHR/Fax9ypmAr1dh0ArM7oE/FTyQvQ=="
  "resolved" "https://registry.npmjs.org/@aws-sdk/client-sso/-/client-sso-3.29.0.tgz"
  "version" "3.29.0"
  dependencies:
    "@aws-crypto/sha256-browser" "^1.0.0"
    "@aws-crypto/sha256-js" "^1.0.0"
    "@aws-sdk/config-resolver" "3.29.0"
    "@aws-sdk/fetch-http-handler" "3.29.0"
    "@aws-sdk/hash-node" "3.29.0"
    "@aws-sdk/invalid-dependency" "3.29.0"
    "@aws-sdk/middleware-content-length" "3.29.0"
    "@aws-sdk/middleware-host-header" "3.29.0"
    "@aws-sdk/middleware-logger" "3.29.0"
    "@aws-sdk/middleware-retry" "3.29.0"
    "@aws-sdk/middleware-serde" "3.29.0"
    "@aws-sdk/middleware-stack" "3.29.0"
    "@aws-sdk/middleware-user-agent" "3.29.0"
    "@aws-sdk/node-config-provider" "3.29.0"
    "@aws-sdk/node-http-handler" "3.29.0"
    "@aws-sdk/protocol-http" "3.29.0"
    "@aws-sdk/smithy-client" "3.29.0"
    "@aws-sdk/types" "3.29.0"
    "@aws-sdk/url-parser" "3.29.0"
    "@aws-sdk/util-base64-browser" "3.29.0"
    "@aws-sdk/util-base64-node" "3.29.0"
    "@aws-sdk/util-body-length-browser" "3.29.0"
    "@aws-sdk/util-body-length-node" "3.29.0"
    "@aws-sdk/util-user-agent-browser" "3.29.0"
    "@aws-sdk/util-user-agent-node" "3.29.0"
    "@aws-sdk/util-utf8-browser" "3.29.0"
    "@aws-sdk/util-utf8-node" "3.29.0"
    "tslib" "^2.3.0"

"@aws-sdk/client-sts@3.29.0":
  "integrity" "sha512-geiDdR47bDusfXjerX5qEX5b+1Ct3eVZZZAFckrCd7LdyCaH6dv87mSZ8+Vh9vM5HX/qVbhqRaJgQawg6EbcoA=="
  "resolved" "https://registry.npmjs.org/@aws-sdk/client-sts/-/client-sts-3.29.0.tgz"
  "version" "3.29.0"
  dependencies:
    "@aws-crypto/sha256-browser" "^1.0.0"
    "@aws-crypto/sha256-js" "^1.0.0"
    "@aws-sdk/config-resolver" "3.29.0"
    "@aws-sdk/credential-provider-node" "3.29.0"
    "@aws-sdk/fetch-http-handler" "3.29.0"
    "@aws-sdk/hash-node" "3.29.0"
    "@aws-sdk/invalid-dependency" "3.29.0"
    "@aws-sdk/middleware-content-length" "3.29.0"
    "@aws-sdk/middleware-host-header" "3.29.0"
    "@aws-sdk/middleware-logger" "3.29.0"
    "@aws-sdk/middleware-retry" "3.29.0"
    "@aws-sdk/middleware-sdk-sts" "3.29.0"
    "@aws-sdk/middleware-serde" "3.29.0"
    "@aws-sdk/middleware-signing" "3.29.0"
    "@aws-sdk/middleware-stack" "3.29.0"
    "@aws-sdk/middleware-user-agent" "3.29.0"
    "@aws-sdk/node-config-provider" "3.29.0"
    "@aws-sdk/node-http-handler" "3.29.0"
    "@aws-sdk/protocol-http" "3.29.0"
    "@aws-sdk/smithy-client" "3.29.0"
    "@aws-sdk/types" "3.29.0"
    "@aws-sdk/url-parser" "3.29.0"
    "@aws-sdk/util-base64-browser" "3.29.0"
    "@aws-sdk/util-base64-node" "3.29.0"
    "@aws-sdk/util-body-length-browser" "3.29.0"
    "@aws-sdk/util-body-length-node" "3.29.0"
    "@aws-sdk/util-user-agent-browser" "3.29.0"
    "@aws-sdk/util-user-agent-node" "3.29.0"
    "@aws-sdk/util-utf8-browser" "3.29.0"
    "@aws-sdk/util-utf8-node" "3.29.0"
    "entities" "2.2.0"
    "fast-xml-parser" "3.19.0"
    "tslib" "^2.3.0"

"@aws-sdk/config-resolver@3.29.0":
  "integrity" "sha512-3OVWdftUrHTjVzXqlPSqJ7sHWOP5nww7DaYTJxWuMEROljLCRhyt1oTm3QJDbWH+jEpa/zxPe7M8IBxN+oYNRA=="
  "resolved" "https://registry.npmjs.org/@aws-sdk/config-resolver/-/config-resolver-3.29.0.tgz"
  "version" "3.29.0"
  dependencies:
    "@aws-sdk/signature-v4" "3.29.0"
    "@aws-sdk/types" "3.29.0"
    "tslib" "^2.3.0"

"@aws-sdk/credential-provider-env@3.29.0":
  "integrity" "sha512-FUhdZODjkUeTFNfH7EnqN9piQwBR1gg+8NUJt6Rn7G4rj5lN2n2ryAatowIlzIB+/oWDvpPj+yMIE+XGjQrMhg=="
  "resolved" "https://registry.npmjs.org/@aws-sdk/credential-provider-env/-/credential-provider-env-3.29.0.tgz"
  "version" "3.29.0"
  dependencies:
    "@aws-sdk/property-provider" "3.29.0"
    "@aws-sdk/types" "3.29.0"
    "tslib" "^2.3.0"

"@aws-sdk/credential-provider-imds@3.29.0":
  "integrity" "sha512-sjyJrJoLhP2ekx+Z3m5g+/YIWYtuKII9eXuTTwRhzBKTpqv0WQm1ilISdNcz691JueF5jHQs4bP6FWk55RUWEg=="
  "resolved" "https://registry.npmjs.org/@aws-sdk/credential-provider-imds/-/credential-provider-imds-3.29.0.tgz"
  "version" "3.29.0"
  dependencies:
    "@aws-sdk/node-config-provider" "3.29.0"
    "@aws-sdk/property-provider" "3.29.0"
    "@aws-sdk/types" "3.29.0"
    "@aws-sdk/url-parser" "3.29.0"
    "tslib" "^2.3.0"

"@aws-sdk/credential-provider-ini@3.29.0":
  "integrity" "sha512-dBnKOZcbHimQhr3gR0S3n75r4Tev9oiXQo1e+miq7a0Z1GCg/H9k2xorV1ECtLvT/zrTeTqUGNCMkxZ13VSiwg=="
  "resolved" "https://registry.npmjs.org/@aws-sdk/credential-provider-ini/-/credential-provider-ini-3.29.0.tgz"
  "version" "3.29.0"
  dependencies:
    "@aws-sdk/credential-provider-env" "3.29.0"
    "@aws-sdk/credential-provider-imds" "3.29.0"
    "@aws-sdk/credential-provider-sso" "3.29.0"
    "@aws-sdk/credential-provider-web-identity" "3.29.0"
    "@aws-sdk/property-provider" "3.29.0"
    "@aws-sdk/shared-ini-file-loader" "3.29.0"
    "@aws-sdk/types" "3.29.0"
    "@aws-sdk/util-credentials" "3.29.0"
    "tslib" "^2.3.0"

"@aws-sdk/credential-provider-node@3.29.0":
  "integrity" "sha512-1KZhsKqiQ1+FHzeBDoTZ9N0/Xi9s3SM2ugiSolw0XCC1+5F9BzkUA3KHoD5wSeNboR6+/1+xbqZ+nRtRMOtlqg=="
  "resolved" "https://registry.npmjs.org/@aws-sdk/credential-provider-node/-/credential-provider-node-3.29.0.tgz"
  "version" "3.29.0"
  dependencies:
    "@aws-sdk/credential-provider-env" "3.29.0"
    "@aws-sdk/credential-provider-imds" "3.29.0"
    "@aws-sdk/credential-provider-ini" "3.29.0"
    "@aws-sdk/credential-provider-process" "3.29.0"
    "@aws-sdk/credential-provider-sso" "3.29.0"
    "@aws-sdk/credential-provider-web-identity" "3.29.0"
    "@aws-sdk/property-provider" "3.29.0"
    "@aws-sdk/shared-ini-file-loader" "3.29.0"
    "@aws-sdk/types" "3.29.0"
    "@aws-sdk/util-credentials" "3.29.0"
    "tslib" "^2.3.0"

"@aws-sdk/credential-provider-process@3.29.0":
  "integrity" "sha512-1dMq84uGh3zcu+/bGohibWYMSxcrjwaIAc4dBU/3+rkNzPPdRA83hzYS34EizQ61JQHnM3z/xX9SLMeaNRKaSA=="
  "resolved" "https://registry.npmjs.org/@aws-sdk/credential-provider-process/-/credential-provider-process-3.29.0.tgz"
  "version" "3.29.0"
  dependencies:
    "@aws-sdk/property-provider" "3.29.0"
    "@aws-sdk/shared-ini-file-loader" "3.29.0"
    "@aws-sdk/types" "3.29.0"
    "@aws-sdk/util-credentials" "3.29.0"
    "tslib" "^2.3.0"

"@aws-sdk/credential-provider-sso@3.29.0":
  "integrity" "sha512-cye/blIzuT8XVHVu+fnEvkEEcfWt2KATIA/Qrvqg5q1bQHFp0w3waCwwE12mBrIx7Gfs7+zI9spfhJpR6oG1JQ=="
  "resolved" "https://registry.npmjs.org/@aws-sdk/credential-provider-sso/-/credential-provider-sso-3.29.0.tgz"
  "version" "3.29.0"
  dependencies:
    "@aws-sdk/client-sso" "3.29.0"
    "@aws-sdk/property-provider" "3.29.0"
    "@aws-sdk/shared-ini-file-loader" "3.29.0"
    "@aws-sdk/types" "3.29.0"
    "@aws-sdk/util-credentials" "3.29.0"
    "tslib" "^2.3.0"

"@aws-sdk/credential-provider-web-identity@3.29.0":
  "integrity" "sha512-TwICG9y/iw08urlCymroQfRRJY++4JZwdhR0/2ycU+/Cgac6u4MfZsB1qD+u9+Q39/TqSz6QwtNhKLNdf0N23A=="
  "resolved" "https://registry.npmjs.org/@aws-sdk/credential-provider-web-identity/-/credential-provider-web-identity-3.29.0.tgz"
  "version" "3.29.0"
  dependencies:
    "@aws-sdk/property-provider" "3.29.0"
    "@aws-sdk/types" "3.29.0"
    "tslib" "^2.3.0"

"@aws-sdk/endpoint-cache@3.29.0":
  "integrity" "sha512-qsfijdlLtaV2CRabIhdhwYeXBINX1BaT3ND7uiYcRhF3i6AxF1lr4yBt7q4BesLJOL6UhYdQ0tXzsxba+bs8bA=="
  "resolved" "https://registry.npmjs.org/@aws-sdk/endpoint-cache/-/endpoint-cache-3.29.0.tgz"
  "version" "3.29.0"
  dependencies:
    "mnemonist" "0.38.3"
    "tslib" "^2.3.0"

"@aws-sdk/fetch-http-handler@3.29.0":
  "integrity" "sha512-rx+YlHFYzgGsCZMEvJBUdRsqfMGW4RY6J3USQvz63a32jVlMC3Kw9xINaXGhCEmOlUlzdeeIMQOZW5VxavLnjQ=="
  "resolved" "https://registry.npmjs.org/@aws-sdk/fetch-http-handler/-/fetch-http-handler-3.29.0.tgz"
  "version" "3.29.0"
  dependencies:
    "@aws-sdk/protocol-http" "3.29.0"
    "@aws-sdk/querystring-builder" "3.29.0"
    "@aws-sdk/types" "3.29.0"
    "@aws-sdk/util-base64-browser" "3.29.0"
    "tslib" "^2.3.0"

"@aws-sdk/hash-node@3.29.0":
  "integrity" "sha512-iANkXAGNgUSX17GjyTdrFRE357AmAgnIsuyKhuaK8vi4SPPxHYCyXOdxtUx5TjkzW4bUym3cRJS8zeirayTEHA=="
  "resolved" "https://registry.npmjs.org/@aws-sdk/hash-node/-/hash-node-3.29.0.tgz"
  "version" "3.29.0"
  dependencies:
    "@aws-sdk/types" "3.29.0"
    "@aws-sdk/util-buffer-from" "3.29.0"
    "tslib" "^2.3.0"

"@aws-sdk/invalid-dependency@3.29.0":
  "integrity" "sha512-0TyZZbPs5SWCF2tT1DXccK5SUx7/bDJCVojgBuW3QRJn9ta3US/u5l7w8k6jwWFU3CQhLAWuG0TD7FhATiM2HQ=="
  "resolved" "https://registry.npmjs.org/@aws-sdk/invalid-dependency/-/invalid-dependency-3.29.0.tgz"
  "version" "3.29.0"
  dependencies:
    "@aws-sdk/types" "3.29.0"
    "tslib" "^2.3.0"

"@aws-sdk/is-array-buffer@3.29.0":
  "integrity" "sha512-QqIhHGp2qTfDlW7uNh/T4kcyAU2TfxHA29cppQusuTJjploAXXMzvBdmxjFH1ZvPbKs0Rd7owQ0YnC9Lnq+Nzg=="
  "resolved" "https://registry.npmjs.org/@aws-sdk/is-array-buffer/-/is-array-buffer-3.29.0.tgz"
  "version" "3.29.0"
  dependencies:
    "tslib" "^2.3.0"

"@aws-sdk/middleware-content-length@3.29.0":
  "integrity" "sha512-g+tOOXQXqKG84XwFrJexZa2iTuYJce9jnjHV4vyfXwVuKrwuf+ZFguPZ4hzEd40vDo5aLM49JtF/OcO4plCneg=="
  "resolved" "https://registry.npmjs.org/@aws-sdk/middleware-content-length/-/middleware-content-length-3.29.0.tgz"
  "version" "3.29.0"
  dependencies:
    "@aws-sdk/protocol-http" "3.29.0"
    "@aws-sdk/types" "3.29.0"
    "tslib" "^2.3.0"

"@aws-sdk/middleware-endpoint-discovery@3.29.0":
  "integrity" "sha512-SFj5Cz+HZdY1NZJn+p56DNEOCEcU8e1mjJQNvpnQx8n9SsBI/uiMHI12CJlO98Bkqi1dfogvAtJhB6wgtVD+cQ=="
  "resolved" "https://registry.npmjs.org/@aws-sdk/middleware-endpoint-discovery/-/middleware-endpoint-discovery-3.29.0.tgz"
  "version" "3.29.0"
  dependencies:
    "@aws-sdk/config-resolver" "3.29.0"
    "@aws-sdk/endpoint-cache" "3.29.0"
    "@aws-sdk/protocol-http" "3.29.0"
    "@aws-sdk/types" "3.29.0"
    "tslib" "^2.3.0"

"@aws-sdk/middleware-host-header@3.29.0":
  "integrity" "sha512-aBifr86Owrhvy29cvZD17JzdoTtKMxzdjCkMA7ckNP+9Lg7kLI/6ws1yZ6BJlmcOnKxtNSnkvunGmJy8BU8EWQ=="
  "resolved" "https://registry.npmjs.org/@aws-sdk/middleware-host-header/-/middleware-host-header-3.29.0.tgz"
  "version" "3.29.0"
  dependencies:
    "@aws-sdk/protocol-http" "3.29.0"
    "@aws-sdk/types" "3.29.0"
    "tslib" "^2.3.0"

"@aws-sdk/middleware-logger@3.29.0":
  "integrity" "sha512-0rLvuTvfaMWNb7+FApXAH0111FEp/AfG3fO7QkyVrXmHlTrNIJozilhkd0FwEMcQqqM9UK5lPLXwloH9Rkp9vw=="
  "resolved" "https://registry.npmjs.org/@aws-sdk/middleware-logger/-/middleware-logger-3.29.0.tgz"
  "version" "3.29.0"
  dependencies:
    "@aws-sdk/types" "3.29.0"
    "tslib" "^2.3.0"

"@aws-sdk/middleware-retry@3.29.0":
  "integrity" "sha512-yRQ48UIGPmK3/jWMJ2LC4trltFevMDEXyvtT6knwDnwXxmuwv7K6udk6TnGaUU5TlLVI1XdRQHaZY7xZH1KbGw=="
  "resolved" "https://registry.npmjs.org/@aws-sdk/middleware-retry/-/middleware-retry-3.29.0.tgz"
  "version" "3.29.0"
  dependencies:
    "@aws-sdk/protocol-http" "3.29.0"
    "@aws-sdk/service-error-classification" "3.29.0"
    "@aws-sdk/types" "3.29.0"
    "tslib" "^2.3.0"
    "uuid" "^8.3.2"

"@aws-sdk/middleware-sdk-sts@3.29.0":
  "integrity" "sha512-U1gmzmnVvoIVjYgPXp1mSdKrmBVMKfJCodLEL4cKzn4ScfivNVX31qzrJkSezL/10QUNrcpkswt3VzD6jBweWw=="
  "resolved" "https://registry.npmjs.org/@aws-sdk/middleware-sdk-sts/-/middleware-sdk-sts-3.29.0.tgz"
  "version" "3.29.0"
  dependencies:
    "@aws-sdk/middleware-signing" "3.29.0"
    "@aws-sdk/property-provider" "3.29.0"
    "@aws-sdk/protocol-http" "3.29.0"
    "@aws-sdk/signature-v4" "3.29.0"
    "@aws-sdk/types" "3.29.0"
    "tslib" "^2.3.0"

"@aws-sdk/middleware-serde@3.29.0":
  "integrity" "sha512-jN6zuaXg3k9HiWJZjBROiVJEdFaZrMikhyVdqYTT3hR+i08M/9UgVuX84HP/dALChZazOn9MPhvPWGvxrMOr9A=="
  "resolved" "https://registry.npmjs.org/@aws-sdk/middleware-serde/-/middleware-serde-3.29.0.tgz"
  "version" "3.29.0"
  dependencies:
    "@aws-sdk/types" "3.29.0"
    "tslib" "^2.3.0"

"@aws-sdk/middleware-signing@3.29.0":
  "integrity" "sha512-Z5N2N8noUxzaUOliodq6vuf/77l30Gn7ukLw53k40tlILZ8+JGOa8pdZ3zAl+vlUwQtDtQtCRqoEb+znK6Rmvw=="
  "resolved" "https://registry.npmjs.org/@aws-sdk/middleware-signing/-/middleware-signing-3.29.0.tgz"
  "version" "3.29.0"
  dependencies:
    "@aws-sdk/property-provider" "3.29.0"
    "@aws-sdk/protocol-http" "3.29.0"
    "@aws-sdk/signature-v4" "3.29.0"
    "@aws-sdk/types" "3.29.0"
    "tslib" "^2.3.0"

"@aws-sdk/middleware-stack@3.29.0":
  "integrity" "sha512-S6Jt108uxs/PEoLAgGow9SdMKWXhlg0EGgY77Z4pNPQDrBYoca2kwWeTsyTpgBXSsyV0z0WZB4TJK5/doGv6CA=="
  "resolved" "https://registry.npmjs.org/@aws-sdk/middleware-stack/-/middleware-stack-3.29.0.tgz"
  "version" "3.29.0"
  dependencies:
    "tslib" "^2.3.0"

"@aws-sdk/middleware-user-agent@3.29.0":
  "integrity" "sha512-AVbn9QEbqBgScaD3cxLv7/yi9Up10vYKy/AWIwgTrW0LxOuy9+Za2hdk5eZRP/QpqS/Ibz2/CqcmK1GQ/03kmg=="
  "resolved" "https://registry.npmjs.org/@aws-sdk/middleware-user-agent/-/middleware-user-agent-3.29.0.tgz"
  "version" "3.29.0"
  dependencies:
    "@aws-sdk/protocol-http" "3.29.0"
    "@aws-sdk/types" "3.29.0"
    "tslib" "^2.3.0"

"@aws-sdk/node-config-provider@3.29.0":
  "integrity" "sha512-ANRnPz4IT4FiSAc+9p0HqGSjL+cdzB2E68BFmbbGin0fZwhflX1BksjuUEibw8Emf8jvhvbUxdtAIUWctTYxOA=="
  "resolved" "https://registry.npmjs.org/@aws-sdk/node-config-provider/-/node-config-provider-3.29.0.tgz"
  "version" "3.29.0"
  dependencies:
    "@aws-sdk/property-provider" "3.29.0"
    "@aws-sdk/shared-ini-file-loader" "3.29.0"
    "@aws-sdk/types" "3.29.0"
    "tslib" "^2.3.0"

"@aws-sdk/node-http-handler@3.29.0":
  "integrity" "sha512-FnPdoK0hmEr2JO/g7MVE3oeC2TvMpoRDQqUnDrn9C1bzRzgzhHqGVyaiRmc1HECMKjPFYVn02NCzY4qx56K0Ag=="
  "resolved" "https://registry.npmjs.org/@aws-sdk/node-http-handler/-/node-http-handler-3.29.0.tgz"
  "version" "3.29.0"
  dependencies:
    "@aws-sdk/abort-controller" "3.29.0"
    "@aws-sdk/protocol-http" "3.29.0"
    "@aws-sdk/querystring-builder" "3.29.0"
    "@aws-sdk/types" "3.29.0"
    "tslib" "^2.3.0"

"@aws-sdk/property-provider@3.29.0":
  "integrity" "sha512-N2fd3H4mGGE51PgmMbEzBGSNwcyPkEgMxgfZsrQUaFh+CE5uuelOAL70Yzr4IZ4yZJvf1F9e8drtCuUcHnSUEw=="
  "resolved" "https://registry.npmjs.org/@aws-sdk/property-provider/-/property-provider-3.29.0.tgz"
  "version" "3.29.0"
  dependencies:
    "@aws-sdk/types" "3.29.0"
    "tslib" "^2.3.0"

"@aws-sdk/protocol-http@3.29.0":
  "integrity" "sha512-OIeJ7ukfgGkaIL0/NNM5sxIlfxtOqQN+KoaQ89YeLBlJPVoKnptAw+eWjjLwxLs+r/SbyZHXbBawP+sbzq0mSQ=="
  "resolved" "https://registry.npmjs.org/@aws-sdk/protocol-http/-/protocol-http-3.29.0.tgz"
  "version" "3.29.0"
  dependencies:
    "@aws-sdk/types" "3.29.0"
    "tslib" "^2.3.0"

"@aws-sdk/querystring-builder@3.29.0":
  "integrity" "sha512-htrHPmwGfWxl/Mt0JpR63NmlDtmwMJTjvLVrdbxBBXfjiyB8023lEFfyMSDHzD6fegQcw/rOwaliQNAuaVNnXQ=="
  "resolved" "https://registry.npmjs.org/@aws-sdk/querystring-builder/-/querystring-builder-3.29.0.tgz"
  "version" "3.29.0"
  dependencies:
    "@aws-sdk/types" "3.29.0"
    "@aws-sdk/util-uri-escape" "3.29.0"
    "tslib" "^2.3.0"

"@aws-sdk/querystring-parser@3.29.0":
  "integrity" "sha512-v22PBXafAHw+wMaSGbq4B9wEsSYV2e0nZgGHZBNML3HPDiAYJqsQHiYEbiz8nzkmoayU0wrVFZ/XfKNXXcXGbw=="
  "resolved" "https://registry.npmjs.org/@aws-sdk/querystring-parser/-/querystring-parser-3.29.0.tgz"
  "version" "3.29.0"
  dependencies:
    "@aws-sdk/types" "3.29.0"
    "tslib" "^2.3.0"

"@aws-sdk/service-error-classification@3.29.0":
  "integrity" "sha512-VqOjXXTLTGbifzg3Fg2g/Ac6W3uzC3llPZjm/b0goM17KLWMGU7JKiem2l+CFyN4sxkver7InNlIUJCJAPB6+Q=="
  "resolved" "https://registry.npmjs.org/@aws-sdk/service-error-classification/-/service-error-classification-3.29.0.tgz"
  "version" "3.29.0"

"@aws-sdk/shared-ini-file-loader@3.29.0":
  "integrity" "sha512-x4Chk4+iMiYaxcomZjdg7IwU1mQhJ7iPl/3RrIqCShPIOZDwwH4vLl6Fw0bniOZiHK30JQ1wlAgLxzVP0JMHTw=="
  "resolved" "https://registry.npmjs.org/@aws-sdk/shared-ini-file-loader/-/shared-ini-file-loader-3.29.0.tgz"
  "version" "3.29.0"
  dependencies:
    "tslib" "^2.3.0"

"@aws-sdk/signature-v4@3.29.0":
  "integrity" "sha512-h39TC9FNi74wojvhVzkEkeqVzRvIiyQLSn6IFYwXaAE9X/wlkUt80fzvADjHAy9BNATu5GO54aKR3kLsG9/LLg=="
  "resolved" "https://registry.npmjs.org/@aws-sdk/signature-v4/-/signature-v4-3.29.0.tgz"
  "version" "3.29.0"
  dependencies:
    "@aws-sdk/is-array-buffer" "3.29.0"
    "@aws-sdk/types" "3.29.0"
    "@aws-sdk/util-hex-encoding" "3.29.0"
    "@aws-sdk/util-uri-escape" "3.29.0"
    "tslib" "^2.3.0"

"@aws-sdk/smithy-client@3.29.0":
  "integrity" "sha512-QRTYdFcORkJMgDk5DJ661cttnrukoDS/FKXhsCX0tkrgCQsgG6SUOdfWBmyPFC3cXts1GKlwanTqAIiWp/yJ0w=="
  "resolved" "https://registry.npmjs.org/@aws-sdk/smithy-client/-/smithy-client-3.29.0.tgz"
  "version" "3.29.0"
  dependencies:
    "@aws-sdk/middleware-stack" "3.29.0"
    "@aws-sdk/types" "3.29.0"
    "tslib" "^2.3.0"

"@aws-sdk/types@^3.1.0", "@aws-sdk/types@3.29.0":
  "integrity" "sha512-8ilWQU5ZTdiRfblmmjl38+6JZKKM8EqA5Sbn8djgDLShCLeVJ2TsL2guzNi+WHcL7BHdv1pI/NNmTcgRUo6yOw=="
  "resolved" "https://registry.npmjs.org/@aws-sdk/types/-/types-3.29.0.tgz"
  "version" "3.29.0"

"@aws-sdk/url-parser@3.29.0":
  "integrity" "sha512-385f+g4xeRym2S4bzF+Nc0MB8addAlCSb5hIUJu1JKH6FwFLrNRuixeaelGLyWr77xv25P0ruyXQAFf2ISxzKw=="
  "resolved" "https://registry.npmjs.org/@aws-sdk/url-parser/-/url-parser-3.29.0.tgz"
  "version" "3.29.0"
  dependencies:
    "@aws-sdk/querystring-parser" "3.29.0"
    "@aws-sdk/types" "3.29.0"
    "tslib" "^2.3.0"

"@aws-sdk/util-base64-browser@3.29.0":
  "integrity" "sha512-yMgn5vZ7laVO/497iPDjTdmia3sDdFBDq6k42EZxVTpkUcd8JS2nWJ+9ePuIMwqOgPjhhkOOXiidrbZaUQ+L6Q=="
  "resolved" "https://registry.npmjs.org/@aws-sdk/util-base64-browser/-/util-base64-browser-3.29.0.tgz"
  "version" "3.29.0"
  dependencies:
    "tslib" "^2.3.0"

"@aws-sdk/util-base64-node@3.29.0":
  "integrity" "sha512-4pRwjQ6+yS7SQm+yK3pchrsmGPEuoR2YiNsBG0LVNecQmnxWUbOhaEWIxXKTnAzs9bAt7AWEbLzsW8/cN/yTNw=="
  "resolved" "https://registry.npmjs.org/@aws-sdk/util-base64-node/-/util-base64-node-3.29.0.tgz"
  "version" "3.29.0"
  dependencies:
    "@aws-sdk/util-buffer-from" "3.29.0"
    "tslib" "^2.3.0"

"@aws-sdk/util-body-length-browser@3.29.0":
  "integrity" "sha512-cKSwlDlZkcxuhSdoiq1TxleaBvveEgKA2Yo4TYP4DKVPHZuYZtbFv8r1driml1SaIKXg4GQpe+pJit3mxDRxAg=="
  "resolved" "https://registry.npmjs.org/@aws-sdk/util-body-length-browser/-/util-body-length-browser-3.29.0.tgz"
  "version" "3.29.0"
  dependencies:
    "tslib" "^2.3.0"

"@aws-sdk/util-body-length-node@3.29.0":
  "integrity" "sha512-8rG65GMpsjVFd9jhx5y/dhwbJVIKq0OqwNRK+GoIVDo0KKaGtjNbCVHYYDjpwIuksZumiqvlC0E3AUcXn7p1rQ=="
  "resolved" "https://registry.npmjs.org/@aws-sdk/util-body-length-node/-/util-body-length-node-3.29.0.tgz"
  "version" "3.29.0"
  dependencies:
    "tslib" "^2.3.0"

"@aws-sdk/util-buffer-from@3.29.0":
  "integrity" "sha512-4ODxK5y/yONgsuc9SAzZ0j/v0IQkJVCRApziF4Q8NiZ1z9050nZ08rgTEhrTbWgLmDju4SDvJhn/nUNTrsLhug=="
  "resolved" "https://registry.npmjs.org/@aws-sdk/util-buffer-from/-/util-buffer-from-3.29.0.tgz"
  "version" "3.29.0"
  dependencies:
    "@aws-sdk/is-array-buffer" "3.29.0"
    "tslib" "^2.3.0"

"@aws-sdk/util-credentials@3.29.0":
  "integrity" "sha512-xCWQizP5d6SwbwB2HmxpDqu0WYY7/E7pNrZ+7tSMrJxZlT8Zsd+lFaO23JVFMEBqjjBnpLBr+XkNZgOpD1BYwA=="
  "resolved" "https://registry.npmjs.org/@aws-sdk/util-credentials/-/util-credentials-3.29.0.tgz"
  "version" "3.29.0"
  dependencies:
    "@aws-sdk/shared-ini-file-loader" "3.29.0"
    "tslib" "^2.3.0"

"@aws-sdk/util-hex-encoding@3.29.0":
  "integrity" "sha512-YZ9fhJ2HKnnPL+8M9/YMFo4906Cvh1NaVOZT61joPM5Vv1rSYXdD1/tvn2qNjVhAJAGFWdBsIqZWw43km5DNpw=="
  "resolved" "https://registry.npmjs.org/@aws-sdk/util-hex-encoding/-/util-hex-encoding-3.29.0.tgz"
  "version" "3.29.0"
  dependencies:
    "tslib" "^2.3.0"

"@aws-sdk/util-locate-window@^3.0.0":
  "integrity" "sha512-gvcbl9UdTOvuCCzgbtTTsKnL1l/cnT/CFl0f6ZCQ6qubUTRCuL/aK8DvgWa1n9p/ddCiVKPLmHu/L1xtX4gc0A=="
  "resolved" "https://registry.npmjs.org/@aws-sdk/util-locate-window/-/util-locate-window-3.29.0.tgz"
  "version" "3.29.0"
  dependencies:
    "tslib" "^2.3.0"

"@aws-sdk/util-uri-escape@3.29.0":
  "integrity" "sha512-js834TiNTdwIZOxmGSCPiLETUoc2JslY07D6A+yLNI/kZmmTHa0tKCyPxMqo7LBb+iU9ymky2LLJuDGp6aZNHw=="
  "resolved" "https://registry.npmjs.org/@aws-sdk/util-uri-escape/-/util-uri-escape-3.29.0.tgz"
  "version" "3.29.0"
  dependencies:
    "tslib" "^2.3.0"

"@aws-sdk/util-user-agent-browser@3.29.0":
  "integrity" "sha512-se9WLQS3H36u8FUA3/DfnzH3LU77QBRpJN4FmQtcQHR3A5mR2tRty+eOrvIf2R4QtveMWXrQbvScTrca7ZFZug=="
  "resolved" "https://registry.npmjs.org/@aws-sdk/util-user-agent-browser/-/util-user-agent-browser-3.29.0.tgz"
  "version" "3.29.0"
  dependencies:
    "@aws-sdk/types" "3.29.0"
    "bowser" "^2.11.0"
    "tslib" "^2.3.0"

"@aws-sdk/util-user-agent-node@3.29.0":
  "integrity" "sha512-atyjuDnD1WtIR1sZzcCJcD0JyYKGZ6bYqAhh/apaiPs0LoTyaFGYN8K7wSr3gL8PqD9YYNKfiNiPU3AbY6pW5A=="
  "resolved" "https://registry.npmjs.org/@aws-sdk/util-user-agent-node/-/util-user-agent-node-3.29.0.tgz"
  "version" "3.29.0"
  dependencies:
    "@aws-sdk/node-config-provider" "3.29.0"
    "@aws-sdk/types" "3.29.0"
    "tslib" "^2.3.0"

"@aws-sdk/util-utf8-browser@^3.0.0", "@aws-sdk/util-utf8-browser@3.29.0":
  "integrity" "sha512-ZIHbBYByMq5vadQ1SZOQTHVtrkGAFiuypATYF5ST8YB3j7XKvflv+fiBX2xQ8xpqb28noEg6dNPnvqkQQ1n/aw=="
  "resolved" "https://registry.npmjs.org/@aws-sdk/util-utf8-browser/-/util-utf8-browser-3.29.0.tgz"
  "version" "3.29.0"
  dependencies:
    "tslib" "^2.3.0"

"@aws-sdk/util-utf8-node@3.29.0":
  "integrity" "sha512-CIZPDnSvtfv7MeHM/hA1fHXcXJR2f7ULjw4nXsX/BLaKGKf/O6IhOXPt1ecUIpGeUrCgPCqxkDjmThUCa87Bcg=="
  "resolved" "https://registry.npmjs.org/@aws-sdk/util-utf8-node/-/util-utf8-node-3.29.0.tgz"
  "version" "3.29.0"
  dependencies:
    "@aws-sdk/util-buffer-from" "3.29.0"
    "tslib" "^2.3.0"

"@aws-sdk/util-waiter@3.29.0":
  "integrity" "sha512-9qNsX+yRpX8xE0eW9qHZCy7W6+MFkYFR10umSPVl9gc5p+RViQwS0D2wVYmQblrqGK6VpK+wAb3faFf6KaDesg=="
  "resolved" "https://registry.npmjs.org/@aws-sdk/util-waiter/-/util-waiter-3.29.0.tgz"
  "version" "3.29.0"
  dependencies:
    "@aws-sdk/abort-controller" "3.29.0"
    "@aws-sdk/types" "3.29.0"
    "tslib" "^2.3.0"

"bowser@^2.11.0":
  "integrity" "sha512-AlcaJBi/pqqJBIQ8U9Mcpc9i8Aqxn88Skv5d+xBX006BY5u8N3mGLHa5Lgppa7L/HfwgwLgZ6NYs+Ag6uUmJRA=="
  "resolved" "https://registry.npmjs.org/bowser/-/bowser-2.11.0.tgz"
  "version" "2.11.0"

"entities@2.2.0":
  "integrity" "sha512-p92if5Nz619I0w+akJrLZH0MX0Pb5DX39XOwQTtXSdQQOaYH03S1uIQp4mhOZtAXrxq4ViO67YTiLBo2638o9A=="
  "resolved" "https://registry.npmjs.org/entities/-/entities-2.2.0.tgz"
  "version" "2.2.0"

"fast-xml-parser@3.19.0":
  "integrity" "sha512-4pXwmBplsCPv8FOY1WRakF970TjNGnGnfbOnLqjlYvMiF1SR3yOHyxMR/YCXpPTOspNF5gwudqktIP4VsWkvBg=="
  "resolved" "https://registry.npmjs.org/fast-xml-parser/-/fast-xml-parser-3.19.0.tgz"
  "version" "3.19.0"

"mnemonist@0.38.3":
  "integrity" "sha512-2K9QYubXx/NAjv4VLq1d1Ly8pWNC5L3BrixtdkyTegXWJIqY+zLNDhhX/A+ZwWt70tB1S8H4BE8FLYEFyNoOBw=="
  "resolved" "https://registry.npmjs.org/mnemonist/-/mnemonist-0.38.3.tgz"
  "version" "0.38.3"
  dependencies:
    "obliterator" "^1.6.1"

"obliterator@^1.6.1":
  "integrity" "sha512-9WXswnqINnnhOG/5SLimUlzuU1hFJUc8zkwyD59Sd+dPOMf05PmnYG/d6Q7HZ+KmgkZJa1PxRso6QdM3sTNHig=="
  "resolved" "https://registry.npmjs.org/obliterator/-/obliterator-1.6.1.tgz"
  "version" "1.6.1"

"tslib@^1.11.1":
  "integrity" "sha512-Xni35NKzjgMrwevysHTCArtLDpPvye8zV/0E4EyYn43P7/7qvQwPh9BGkHewbMulVntbigmcT7rdX3BNo9wRJg=="
  "resolved" "https://registry.npmjs.org/tslib/-/tslib-1.14.1.tgz"
  "version" "1.14.1"

"tslib@^2.3.0":
  "integrity" "sha512-77EbyPPpMz+FRFRuAFlWMtmgUWGe9UOG2Z25NqCwiIjRhOf5iKGuzSe5P2w1laq+FkRy4p+PCuVkJSGkzTEKVw=="
  "resolved" "https://registry.npmjs.org/tslib/-/tslib-2.3.1.tgz"
  "version" "2.3.1"

"uuid@^8.3.2":
  "integrity" "sha512-+NYs2QeMWy+GWFOEm9xnn6HCDp0l7QBD7ml8zLUmJ+93Q5NF0NocErnwkTkXVFNiX3/fpC6afS8Dhb/gz7R7eg=="
  "resolved" "https://registry.npmjs.org/uuid/-/uuid-8.3.2.tgz"
  "version" "8.3.2"
